<?xml version="1.0" encoding="utf-8"?>
<Project ToolsVersion="4.0" xmlns="http://schemas.microsoft.com/developer/msbuild/2003">
  <ItemGroup>
    <Filter Include="Source Files">
      <UniqueIdentifier>{4FC737F1-C7A5-4376-A066-2A32D752A2FF}</UniqueIdentifier>
      <Extensions>cpp;c;cc;cxx;def;odl;idl;hpj;bat;asm;asmx</Extensions>
    </Filter>
    <Filter Include="Header Files">
      <UniqueIdentifier>{93995380-89BD-4b04-88EB-625FBE52EBFB}</UniqueIdentifier>
      <Extensions>h;hh;hpp;hxx;hm;inl;inc;xsd</Extensions>
    </Filter>
    <Filter Include="Resource Files">
      <UniqueIdentifier>{67DA6AB6-F800-4c08-8B7A-83BB121AAD01}</UniqueIdentifier>
      <Extensions>rc;ico;cur;bmp;dlg;rc2;rct;bin;rgs;gif;jpg;jpeg;jpe;resx;tiff;tif;png;wav;mfcribbon-ms</Extensions>
    </Filter>
  </ItemGroup>
  <ItemGroup>
    <ClCompile Include="Executive.cpp">
      <Filter>Source Files</Filter>
    </ClCompile>
    <ClCompile Include="..\Logger\Logger.cpp">
      <Filter>Source Files</Filter>
    </ClCompile>
    <ClCompile Include="..\Utilities\Utilities.cpp">
      <Filter>Source Files</Filter>
    </ClCompile>
    <ClCompile Include="..\FileSystem\FileSystem.cpp">
      <Filter>Source Files</Filter>
    </ClCompile>
    <ClCompile Include="..\FileMgr\FileMgr.cpp">
      <Filter>Source Files</Filter>
    </ClCompile>
    <ClCompile Include="..\Parser\ActionsAndRules.cpp">
      <Filter>Source Files</Filter>
    </ClCompile>
    <ClCompile Include="..\Parser\ConfigureParser.cpp">
      <Filter>Source Files</Filter>
    </ClCompile>
    <ClCompile Include="..\Parser\Parser.cpp">
      <Filter>Source Files</Filter>
    </ClCompile>
    <ClCompile Include="..\ScopeStack\ScopeStack.cpp">
      <Filter>Source Files</Filter>
    </ClCompile>
    <ClCompile Include="..\SemiExp\SemiExp.cpp">
      <Filter>Source Files</Filter>
    </ClCompile>
    <ClCompile Include="..\Tokenizer\Tokenizer.cpp">
      <Filter>Source Files</Filter>
    </ClCompile>
    <ClCompile Include="..\AbstractSyntaxTree\AbstrSynTree.cpp">
      <Filter>Source Files</Filter>
    </ClCompile>
    <ClCompile Include="..\GrammarHelpers\GrammarHelpers.cpp">
      <Filter>Source Files</Filter>
    </ClCompile>
    <ClCompile Include="..\TypeTable\TypeTable.cpp">
      <Filter>Source Files</Filter>
    </ClCompile>
    <ClCompile Include="..\DepthAnalysis\DepAnal.cpp">
      <Filter>Source Files</Filter>
    </ClCompile>
    <ClCompile Include="..\DependencyAnalysis\DependAnal.cpp">
      <Filter>Source Files</Filter>
    </ClCompile>
    <ClCompile Include="..\Graph\Graph.cpp">
      <Filter>Source Files</Filter>
    </ClCompile>
    <ClCompile Include="..\Graph\XmlReader.cpp">
      <Filter>Source Files</Filter>
    </ClCompile>
    <ClCompile Include="..\Graph\XmlWriter.cpp">
      <Filter>Source Files</Filter>
    </ClCompile>
    <ClCompile Include="..\StrongComp\StrongComp.cpp">
      <Filter>Source Files</Filter>
    </ClCompile>
    <ClCompile Include="..\NoSQL\Convert.cpp">
      <Filter>Source Files</Filter>
    </ClCompile>
    <ClCompile Include="..\NoSQL\CppProperties.cpp">
      <Filter>Source Files</Filter>
    </ClCompile>
    <ClCompile Include="..\NoSQL\NoSqlDb.cpp">
      <Filter>Source Files</Filter>
    </ClCompile>
    <ClCompile Include="..\NoSQL\PersistHelp.cpp">
      <Filter>Source Files</Filter>
    </ClCompile>
    <ClCompile Include="..\NoSQL\XmlElement.cpp">
      <Filter>Source Files</Filter>
    </ClCompile>
    <ClCompile Include="..\NoSQL\XmlDocument.cpp">
      <Filter>Source Files</Filter>
    </ClCompile>
    <ClCompile Include="..\NoSQL\XmlElementParts.cpp">
      <Filter>Source Files</Filter>
    </ClCompile>
    <ClCompile Include="..\NoSQL\XmlParser.cpp">
      <Filter>Source Files</Filter>
    </ClCompile>
    <ClCompile Include="..\NoSQL\Tokenizer2.cpp">
      <Filter>Source Files</Filter>
    </ClCompile>
  </ItemGroup>
  <ItemGroup>
    <ClInclude Include="..\Logger\Logger.h">
      <Filter>Header Files</Filter>
    </ClInclude>
    <ClInclude Include="..\Utilities\Utilities.h">
      <Filter>Header Files</Filter>
    </ClInclude>
    <ClInclude Include="..\FileSystem\FileSystem.h">
      <Filter>Header Files</Filter>
    </ClInclude>
    <ClInclude Include="..\FileMgr\FileMgr.h">
      <Filter>Header Files</Filter>
    </ClInclude>
    <ClInclude Include="..\FileMgr\IFileMgr.h">
      <Filter>Header Files</Filter>
    </ClInclude>
    <ClInclude Include="..\Parser\ActionsAndRules.h">
      <Filter>Header Files</Filter>
    </ClInclude>
    <ClInclude Include="..\Parser\ConfigureParser.h">
      <Filter>Header Files</Filter>
    </ClInclude>
    <ClInclude Include="..\Parser\Parser.h">
      <Filter>Header Files</Filter>
    </ClInclude>
    <ClInclude Include="..\ScopeStack\ScopeStack.h">
      <Filter>Header Files</Filter>
    </ClInclude>
    <ClInclude Include="..\SemiExp\itokcollection.h">
      <Filter>Header Files</Filter>
    </ClInclude>
    <ClInclude Include="..\SemiExp\SemiExp.h">
      <Filter>Header Files</Filter>
    </ClInclude>
    <ClInclude Include="..\Tokenizer\Tokenizer.h">
      <Filter>Header Files</Filter>
    </ClInclude>
    <ClInclude Include="..\AbstractSyntaxTree\AbstrSynTree.h">
      <Filter>Header Files</Filter>
    </ClInclude>
    <ClInclude Include="Executive.h">
      <Filter>Header Files</Filter>
    </ClInclude>
    <ClInclude Include="..\GrammarHelpers\GrammarHelpers.h">
      <Filter>Header Files</Filter>
    </ClInclude>
    <ClInclude Include="..\TypeTable\TypeTable.h">
      <Filter>Header Files</Filter>
    </ClInclude>
    <ClInclude Include="..\DepthAnalysis\DepAnal.h">
      <Filter>Header Files</Filter>
    </ClInclude>
    <ClInclude Include="..\DependencyAnalysis\DependAnal.h">
      <Filter>Header Files</Filter>
    </ClInclude>
    <ClInclude Include="..\Graph\Graph.h">
      <Filter>Header Files</Filter>
    </ClInclude>
    <ClInclude Include="..\Graph\XmlReader.h">
      <Filter>Header Files</Filter>
    </ClInclude>
    <ClInclude Include="..\Graph\XmlWriter.h">
      <Filter>Header Files</Filter>
    </ClInclude>
    <ClInclude Include="..\StrongComp\StrongComp.h">
      <Filter>Header Files</Filter>
    </ClInclude>
    <ClInclude Include="..\NoSQL\Convert.h">
      <Filter>Header Files</Filter>
    </ClInclude>
    <ClInclude Include="..\NoSQL\CppProperties.h">
      <Filter>Header Files</Filter>
    </ClInclude>
    <ClInclude Include="..\NoSQL\NoSqlDb.h">
      <Filter>Header Files</Filter>
    </ClInclude>
    <ClInclude Include="..\NoSQL\PersistHelp.h">
      <Filter>Header Files</Filter>
    </ClInclude>
    <ClInclude Include="..\NoSQL\Tokenizer2.h">
      <Filter>Header Files</Filter>
    </ClInclude>
    <ClInclude Include="..\NoSQL\XmlDocument.h">
      <Filter>Header Files</Filter>
    </ClInclude>
    <ClInclude Include="..\NoSQL\XmlElement.h">
      <Filter>Header Files</Filter>
    </ClInclude>
    <ClInclude Include="..\NoSQL\XmlElementParts.h">
      <Filter>Header Files</Filter>
    </ClInclude>
    <ClInclude Include="..\NoSQL\XmlParser.h">
      <Filter>Header Files</Filter>
    </ClInclude>
    <ClInclude Include="..\NoSQL\itokcollection2.h">
      <Filter>Header Files</Filter>
    </ClInclude>
    <ClInclude Include="..\NoSQL\StrHelper.h">
      <Filter>Header Files</Filter>
    </ClInclude>
  </ItemGroup>
</Project>